
Microsoft Visual Studio Solution File, Format Version 12.00
# Visual Studio Version 17
VisualStudioVersion = 17.4.33205.214
MinimumVisualStudioVersion = 10.0.40219.1
Project("{FAE04EC0-301F-11D3-BF4B-00C04F79EFBC}") = "MusicLibraryTest2", "MusicLibraryTest2\MusicLibraryTest2.csproj", "{A36C7B2D-D655-4BD9-895E-823F99396797}"
EndProject
Global
	GlobalSection(SolutionConfigurationPlatforms) = preSolution
		Debug|Any CPU = Debug|Any CPU
		Release|Any CPU = Release|Any CPU
	EndGlobalSection
	GlobalSection(ProjectConfigurationPlatforms) = postSolution
		{A36C7B2D-D655-4BD9-895E-823F99396797}.Debug|Any CPU.ActiveCfg = Debug|Any CPU
		{A36C7B2D-D655-4BD9-895E-823F99396797}.Debug|Any CPU.Build.0 = Debug|Any CPU
		{A36C7B2D-D655-4BD9-895E-823F99396797}.Release|Any CPU.ActiveCfg = Release|Any CPU
		{A36C7B2D-D655-4BD9-895E-823F99396797}.Release|Any CPU.Build.0 = Release|Any CPU
	EndGlobalSection
	GlobalSection(SolutionProperties) = preSolution
		HideSolutionNode = FALSE
	EndGlobalSection
	GlobalSection(ExtensibilityGlobals) = postSolution
		SolutionGuid = {045EE880-D31F-4D26-88EC-894285B61DD2}
	EndGlobalSection
EndGlobal
